
Microsoft Visual Studio Solution File, Format Version 12.00
# Visual Studio Version 17
VisualStudioVersion = 17.11.35431.28
MinimumVisualStudioVersion = 10.0.40219.1
Project("{9A19103F-16F7-4668-BE54-9A1E7A4F7556}") = "NoriAPI", "NoriAPI.csproj", "{23CB5273-05EA-4BA2-B809-D3FB79ED3183}"
EndProject
Global
	GlobalSection(SolutionConfigurationPlatforms) = preSolution
		Debug|Any CPU = Debug|Any CPU
		Release|Any CPU = Release|Any CPU
	EndGlobalSection
	GlobalSection(ProjectConfigurationPlatforms) = postSolution
		{23CB5273-05EA-4BA2-B809-D3FB79ED3183}.Debug|Any CPU.ActiveCfg = Debug|Any CPU
		{23CB5273-05EA-4BA2-B809-D3FB79ED3183}.Debug|Any CPU.Build.0 = Debug|Any CPU
		{23CB5273-05EA-4BA2-B809-D3FB79ED3183}.Release|Any CPU.ActiveCfg = Release|Any CPU
		{23CB5273-05EA-4BA2-B809-D3FB79ED3183}.Release|Any CPU.Build.0 = Release|Any CPU
	EndGlobalSection
	GlobalSection(SolutionProperties) = preSolution
		HideSolutionNode = FALSE
	EndGlobalSection
	GlobalSection(ExtensibilityGlobals) = postSolution
		SolutionGuid = {09E07C0A-3B8E-4080-899A-3206496CE91B}
	EndGlobalSection
EndGlobal
